
Microsoft Visual Studio Solution File, Format Version 12.00
# Visual Studio Version 17
<<<<<<< HEAD
VisualStudioVersion = 17.8.34330.188
MinimumVisualStudioVersion = 10.0.40219.1
Project("{C9674DCB-5085-4A16-B785-4C70DD1589BD}") = "SSIS_Learning", "SSIS_Learning.dtproj", "{880A6951-18D0-4237-8548-66AC78BC409A}"
=======
VisualStudioVersion = 17.13.35828.75 d17.13
MinimumVisualStudioVersion = 10.0.40219.1
Project("{C9674DCB-5085-4A16-B785-4C70DD1589BD}") = "SSIS_Learning", "SSIS_Learning\SSIS_Learning.dtproj", "{2EB2799B-52A0-58D1-5C63-1577B1AA3154}"
>>>>>>> 200dbe4 (Fix SSIS Git issue)
EndProject
Global
	GlobalSection(SolutionConfigurationPlatforms) = preSolution
		Development|Default = Development|Default
	EndGlobalSection
	GlobalSection(ProjectConfigurationPlatforms) = postSolution
<<<<<<< HEAD
		{880A6951-18D0-4237-8548-66AC78BC409A}.Development|Default.ActiveCfg = Development
		{880A6951-18D0-4237-8548-66AC78BC409A}.Development|Default.Build.0 = Development
=======
		{2EB2799B-52A0-58D1-5C63-1577B1AA3154}.Development|Default.ActiveCfg = Development
		{2EB2799B-52A0-58D1-5C63-1577B1AA3154}.Development|Default.Build.0 = Development
>>>>>>> 200dbe4 (Fix SSIS Git issue)
	EndGlobalSection
	GlobalSection(SolutionProperties) = preSolution
		HideSolutionNode = FALSE
	EndGlobalSection
	GlobalSection(ExtensibilityGlobals) = postSolution
<<<<<<< HEAD
		SolutionGuid = {3A3D08A2-FED7-4A81-890E-56A1E3863A4F}
=======
		SolutionGuid = {9B509D48-7D33-41F9-9826-BBF85A71A9A2}
>>>>>>> 200dbe4 (Fix SSIS Git issue)
	EndGlobalSection
EndGlobal
